// !$*UTF8*$!
{
	archiveVersion = 1;
	classes = {
	};
	objectVersion = 46;
	objects = {

/* Begin PBXBuildFile section */
		969388691A6CCFD9000AC315 /* BLCAwesomeFloatingToolbar.m in Sources */ = {isa = PBXBuildFile; fileRef = 969388681A6CCFD9000AC315 /* BLCAwesomeFloatingToolbar.m */; };
		969662381A68BB8D00C6F3E0 /* main.m in Sources */ = {isa = PBXBuildFile; fileRef = 969662371A68BB8D00C6F3E0 /* main.m */; };
		9696623B1A68BB8D00C6F3E0 /* BLCAppDelegate.m in Sources */ = {isa = PBXBuildFile; fileRef = 9696623A1A68BB8D00C6F3E0 /* BLCAppDelegate.m */; };
		969662411A68BB8D00C6F3E0 /* Main.storyboard in Resources */ = {isa = PBXBuildFile; fileRef = 9696623F1A68BB8D00C6F3E0 /* Main.storyboard */; };
		969662431A68BB8D00C6F3E0 /* Images.xcassets in Resources */ = {isa = PBXBuildFile; fileRef = 969662421A68BB8D00C6F3E0 /* Images.xcassets */; };
		969662521A68BB8D00C6F3E0 /* BlocBrowserTests.m in Sources */ = {isa = PBXBuildFile; fileRef = 969662511A68BB8D00C6F3E0 /* BlocBrowserTests.m */; };
		9696625E1A68BDB300C6F3E0 /* Default-568h@2x.png in Resources */ = {isa = PBXBuildFile; fileRef = 9696625D1A68BDB300C6F3E0 /* Default-568h@2x.png */; };
		969662611A68BE0500C6F3E0 /* BLCWebBrowserViewController.m in Sources */ = {isa = PBXBuildFile; fileRef = 969662601A68BE0500C6F3E0 /* BLCWebBrowserViewController.m */; };
/* End PBXBuildFile section */

/* Begin PBXContainerItemProxy section */
		9696624C1A68BB8D00C6F3E0 /* PBXContainerItemProxy */ = {
			isa = PBXContainerItemProxy;
			containerPortal = 9696622A1A68BB8D00C6F3E0 /* Project object */;
			proxyType = 1;
			remoteGlobalIDString = 969662311A68BB8D00C6F3E0;
			remoteInfo = BlocBrowser;
		};
/* End PBXContainerItemProxy section */

/* Begin PBXFileReference section */
		969388671A6CCFD8000AC315 /* BLCAwesomeFloatingToolbar.h */ = {isa = PBXFileReference; fileEncoding = 4; lastKnownFileType = sourcecode.c.h; path = BLCAwesomeFloatingToolbar.h; sourceTree = "<group>"; };
		969388681A6CCFD9000AC315 /* BLCAwesomeFloatingToolbar.m */ = {isa = PBXFileReference; fileEncoding = 4; lastKnownFileType = sourcecode.c.objc; path = BLCAwesomeFloatingToolbar.m; sourceTree = "<group>"; };
		969662321A68BB8D00C6F3E0 /* BlocBrowser.app */ = {isa = PBXFileReference; explicitFileType = wrapper.application; includeInIndex = 0; path = BlocBrowser.app; sourceTree = BUILT_PRODUCTS_DIR; };
		969662361A68BB8D00C6F3E0 /* BlocBrowser-Info.plist */ = {isa = PBXFileReference; lastKnownFileType = text.plist.xml; path = "BlocBrowser-Info.plist"; sourceTree = "<group>"; };
		969662371A68BB8D00C6F3E0 /* main.m */ = {isa = PBXFileReference; lastKnownFileType = sourcecode.c.objc; path = main.m; sourceTree = "<group>"; };
		969662391A68BB8D00C6F3E0 /* BLCAppDelegate.h */ = {isa = PBXFileReference; lastKnownFileType = sourcecode.c.h; path = BLCAppDelegate.h; sourceTree = "<group>"; };
		9696623A1A68BB8D00C6F3E0 /* BLCAppDelegate.m */ = {isa = PBXFileReference; lastKnownFileType = sourcecode.c.objc; path = BLCAppDelegate.m; sourceTree = "<group>"; };
		969662421A68BB8D00C6F3E0 /* Images.xcassets */ = {isa = PBXFileReference; lastKnownFileType = folder.assetcatalog; path = Images.xcassets; sourceTree = "<group>"; };
		9696624B1A68BB8D00C6F3E0 /* BlocBrowserTests.xctest */ = {isa = PBXFileReference; explicitFileType = wrapper.cfbundle; includeInIndex = 0; path = BlocBrowserTests.xctest; sourceTree = BUILT_PRODUCTS_DIR; };
		969662501A68BB8D00C6F3E0 /* Info.plist */ = {isa = PBXFileReference; lastKnownFileType = text.plist.xml; path = Info.plist; sourceTree = "<group>"; };
		969662511A68BB8D00C6F3E0 /* BlocBrowserTests.m */ = {isa = PBXFileReference; lastKnownFileType = sourcecode.c.objc; path = BlocBrowserTests.m; sourceTree = "<group>"; };
		9696625B1A68BCCF00C6F3E0 /* en */ = {isa = PBXFileReference; lastKnownFileType = file.storyboard; name = en; path = en.lproj/Main.storyboard; sourceTree = "<group>"; };
		9696625C1A68BD5C00C6F3E0 /* BlocBrowser-Prefix.pch */ = {isa = PBXFileReference; fileEncoding = 4; lastKnownFileType = sourcecode.c.h; path = "BlocBrowser-Prefix.pch"; sourceTree = "<group>"; };
		9696625D1A68BDB300C6F3E0 /* Default-568h@2x.png */ = {isa = PBXFileReference; lastKnownFileType = image.png; path = "Default-568h@2x.png"; sourceTree = "<group>"; };
		9696625F1A68BE0500C6F3E0 /* BLCWebBrowserViewController.h */ = {isa = PBXFileReference; fileEncoding = 4; lastKnownFileType = sourcecode.c.h; path = BLCWebBrowserViewController.h; sourceTree = "<group>"; };
		969662601A68BE0500C6F3E0 /* BLCWebBrowserViewController.m */ = {isa = PBXFileReference; fileEncoding = 4; lastKnownFileType = sourcecode.c.objc; path = BLCWebBrowserViewController.m; sourceTree = "<group>"; };
/* End PBXFileReference section */

/* Begin PBXFrameworksBuildPhase section */
		9696622F1A68BB8D00C6F3E0 /* Frameworks */ = {
			isa = PBXFrameworksBuildPhase;
			buildActionMask = 2147483647;
			files = (
			);
			runOnlyForDeploymentPostprocessing = 0;
		};
		969662481A68BB8D00C6F3E0 /* Frameworks */ = {
			isa = PBXFrameworksBuildPhase;
			buildActionMask = 2147483647;
			files = (
			);
			runOnlyForDeploymentPostprocessing = 0;
		};
/* End PBXFrameworksBuildPhase section */

/* Begin PBXGroup section */
		969662291A68BB8D00C6F3E0 = {
			isa = PBXGroup;
			children = (
				969662341A68BB8D00C6F3E0 /* BlocBrowser */,
				9696624E1A68BB8D00C6F3E0 /* BlocBrowserTests */,
				969662331A68BB8D00C6F3E0 /* Products */,
				9696625D1A68BDB300C6F3E0 /* Default-568h@2x.png */,
			);
			sourceTree = "<group>";
		};
		969662331A68BB8D00C6F3E0 /* Products */ = {
			isa = PBXGroup;
			children = (
				969662321A68BB8D00C6F3E0 /* BlocBrowser.app */,
				9696624B1A68BB8D00C6F3E0 /* BlocBrowserTests.xctest */,
			);
			name = Products;
			sourceTree = "<group>";
		};
		969662341A68BB8D00C6F3E0 /* BlocBrowser */ = {
			isa = PBXGroup;
			children = (
				969662391A68BB8D00C6F3E0 /* BLCAppDelegate.h */,
				9696623A1A68BB8D00C6F3E0 /* BLCAppDelegate.m */,
				9696625F1A68BE0500C6F3E0 /* BLCWebBrowserViewController.h */,
				969662601A68BE0500C6F3E0 /* BLCWebBrowserViewController.m */,
				969388671A6CCFD8000AC315 /* BLCAwesomeFloatingToolbar.h */,
				969388681A6CCFD9000AC315 /* BLCAwesomeFloatingToolbar.m */,
				9696623F1A68BB8D00C6F3E0 /* Main.storyboard */,
				969662421A68BB8D00C6F3E0 /* Images.xcassets */,
				9696625C1A68BD5C00C6F3E0 /* BlocBrowser-Prefix.pch */,
				969662351A68BB8D00C6F3E0 /* Supporting Files */,
			);
			path = BlocBrowser;
			sourceTree = "<group>";
		};
		969662351A68BB8D00C6F3E0 /* Supporting Files */ = {
			isa = PBXGroup;
			children = (
				969662361A68BB8D00C6F3E0 /* BlocBrowser-Info.plist */,
				969662371A68BB8D00C6F3E0 /* main.m */,
			);
			name = "Supporting Files";
			sourceTree = "<group>";
		};
		9696624E1A68BB8D00C6F3E0 /* BlocBrowserTests */ = {
			isa = PBXGroup;
			children = (
				969662511A68BB8D00C6F3E0 /* BlocBrowserTests.m */,
				9696624F1A68BB8D00C6F3E0 /* Supporting Files */,
			);
			path = BlocBrowserTests;
			sourceTree = "<group>";
		};
		9696624F1A68BB8D00C6F3E0 /* Supporting Files */ = {
			isa = PBXGroup;
			children = (
				969662501A68BB8D00C6F3E0 /* Info.plist */,
			);
			name = "Supporting Files";
			sourceTree = "<group>";
		};
/* End PBXGroup section */

/* Begin PBXNativeTarget section */
		969662311A68BB8D00C6F3E0 /* BlocBrowser */ = {
			isa = PBXNativeTarget;
			buildConfigurationList = 969662551A68BB8D00C6F3E0 /* Build configuration list for PBXNativeTarget "BlocBrowser" */;
			buildPhases = (
				9696622E1A68BB8D00C6F3E0 /* Sources */,
				9696622F1A68BB8D00C6F3E0 /* Frameworks */,
				969662301A68BB8D00C6F3E0 /* Resources */,
			);
			buildRules = (
			);
			dependencies = (
			);
			name = BlocBrowser;
			productName = BlocBrowser;
			productReference = 969662321A68BB8D00C6F3E0 /* BlocBrowser.app */;
			productType = "com.apple.product-type.application";
		};
		9696624A1A68BB8D00C6F3E0 /* BlocBrowserTests */ = {
			isa = PBXNativeTarget;
			buildConfigurationList = 969662581A68BB8D00C6F3E0 /* Build configuration list for PBXNativeTarget "BlocBrowserTests" */;
			buildPhases = (
				969662471A68BB8D00C6F3E0 /* Sources */,
				969662481A68BB8D00C6F3E0 /* Frameworks */,
				969662491A68BB8D00C6F3E0 /* Resources */,
			);
			buildRules = (
			);
			dependencies = (
				9696624D1A68BB8D00C6F3E0 /* PBXTargetDependency */,
			);
			name = BlocBrowserTests;
			productName = BlocBrowserTests;
			productReference = 9696624B1A68BB8D00C6F3E0 /* BlocBrowserTests.xctest */;
			productType = "com.apple.product-type.bundle.unit-test";
		};
/* End PBXNativeTarget section */

/* Begin PBXProject section */
		9696622A1A68BB8D00C6F3E0 /* Project object */ = {
			isa = PBXProject;
			attributes = {
				CLASSPREFIX = BLC;
				LastUpgradeCheck = 0610;
				ORGANIZATIONNAME = Bloc;
				TargetAttributes = {
					969662311A68BB8D00C6F3E0 = {
						CreatedOnToolsVersion = 6.1.1;
					};
					9696624A1A68BB8D00C6F3E0 = {
						CreatedOnToolsVersion = 6.1.1;
						TestTargetID = 969662311A68BB8D00C6F3E0;
					};
				};
			};
			buildConfigurationList = 9696622D1A68BB8D00C6F3E0 /* Build configuration list for PBXProject "BlocBrowser" */;
			compatibilityVersion = "Xcode 3.2";
			developmentRegion = English;
			hasScannedForEncodings = 0;
			knownRegions = (
				en,
				Base,
			);
			mainGroup = 969662291A68BB8D00C6F3E0;
			productRefGroup = 969662331A68BB8D00C6F3E0 /* Products */;
			projectDirPath = "";
			projectRoot = "";
			targets = (
				969662311A68BB8D00C6F3E0 /* BlocBrowser */,
				9696624A1A68BB8D00C6F3E0 /* BlocBrowserTests */,
			);
		};
/* End PBXProject section */

/* Begin PBXResourcesBuildPhase section */
		969662301A68BB8D00C6F3E0 /* Resources */ = {
			isa = PBXResourcesBuildPhase;
			buildActionMask = 2147483647;
			files = (
				969662411A68BB8D00C6F3E0 /* Main.storyboard in Resources */,
				969662431A68BB8D00C6F3E0 /* Images.xcassets in Resources */,
				9696625E1A68BDB300C6F3E0 /* Default-568h@2x.png in Resources */,
			);
			runOnlyForDeploymentPostprocessing = 0;
		};
		969662491A68BB8D00C6F3E0 /* Resources */ = {
			isa = PBXResourcesBuildPhase;
			buildActionMask = 2147483647;
			files = (
			);
			runOnlyForDeploymentPostprocessing = 0;
		};
/* End PBXResourcesBuildPhase section */

/* Begin PBXSourcesBuildPhase section */
		9696622E1A68BB8D00C6F3E0 /* Sources */ = {
			isa = PBXSourcesBuildPhase;
			buildActionMask = 2147483647;
			files = (
				9696623B1A68BB8D00C6F3E0 /* BLCAppDelegate.m in Sources */,
				969662381A68BB8D00C6F3E0 /* main.m in Sources */,
				969662611A68BE0500C6F3E0 /* BLCWebBrowserViewController.m in Sources */,
				969388691A6CCFD9000AC315 /* BLCAwesomeFloatingToolbar.m in Sources */,
			);
			runOnlyForDeploymentPostprocessing = 0;
		};
		969662471A68BB8D00C6F3E0 /* Sources */ = {
			isa = PBXSourcesBuildPhase;
			buildActionMask = 2147483647;
			files = (
				969662521A68BB8D00C6F3E0 /* BlocBrowserTests.m in Sources */,
			);
			runOnlyForDeploymentPostprocessing = 0;
		};
/* End PBXSourcesBuildPhase section */

/* Begin PBXTargetDependency section */
		9696624D1A68BB8D00C6F3E0 /* PBXTargetDependency */ = {
			isa = PBXTargetDependency;
			target = 969662311A68BB8D00C6F3E0 /* BlocBrowser */;
			targetProxy = 9696624C1A68BB8D00C6F3E0 /* PBXContainerItemProxy */;
		};
/* End PBXTargetDependency section */

/* Begin PBXVariantGroup section */
		9696623F1A68BB8D00C6F3E0 /* Main.storyboard */ = {
			isa = PBXVariantGroup;
			children = (
				9696625B1A68BCCF00C6F3E0 /* en */,
			);
			name = Main.storyboard;
			sourceTree = "<group>";
		};
/* End PBXVariantGroup section */

/* Begin XCBuildConfiguration section */
		969662531A68BB8D00C6F3E0 /* Debug */ = {
			isa = XCBuildConfiguration;
			buildSettings = {
				ALWAYS_SEARCH_USER_PATHS = NO;
				CLANG_CXX_LANGUAGE_STANDARD = "gnu++0x";
				CLANG_CXX_LIBRARY = "libc++";
				CLANG_ENABLE_MODULES = YES;
				CLANG_ENABLE_OBJC_ARC = YES;
				CLANG_WARN_BOOL_CONVERSION = YES;
				CLANG_WARN_CONSTANT_CONVERSION = YES;
				CLANG_WARN_DIRECT_OBJC_ISA_USAGE = YES_ERROR;
				CLANG_WARN_EMPTY_BODY = YES;
				CLANG_WARN_ENUM_CONVERSION = YES;
				CLANG_WARN_INT_CONVERSION = YES;
				CLANG_WARN_OBJC_ROOT_CLASS = YES_ERROR;
				CLANG_WARN_UNREACHABLE_CODE = YES;
				CLANG_WARN__DUPLICATE_METHOD_MATCH = YES;
				"CODE_SIGN_IDENTITY[sdk=iphoneos*]" = "iPhone Developer";
				COPY_PHASE_STRIP = NO;
				ENABLE_STRICT_OBJC_MSGSEND = YES;
				GCC_C_LANGUAGE_STANDARD = gnu99;
				GCC_DYNAMIC_NO_PIC = NO;
				GCC_OPTIMIZATION_LEVEL = 0;
				GCC_PREPROCESSOR_DEFINITIONS = (
					"DEBUG=1",
					"$(inherited)",
				);
				GCC_SYMBOLS_PRIVATE_EXTERN = NO;
				GCC_WARN_64_TO_32_BIT_CONVERSION = YES;
				GCC_WARN_ABOUT_RETURN_TYPE = YES_ERROR;
				GCC_WARN_UNDECLARED_SELECTOR = YES;
				GCC_WARN_UNINITIALIZED_AUTOS = YES_AGGRESSIVE;
				GCC_WARN_UNUSED_FUNCTION = YES;
				GCC_WARN_UNUSED_VARIABLE = YES;
				IPHONEOS_DEPLOYMENT_TARGET = 8.1;
				MTL_ENABLE_DEBUG_INFO = YES;
				ONLY_ACTIVE_ARCH = YES;
				SDKROOT = iphoneos;
				TARGETED_DEVICE_FAMILY = "1,2";
			};
			name = Debug;
		};
		969662541A68BB8D00C6F3E0 /* Release */ = {
			isa = XCBuildConfiguration;
			buildSettings = {
				ALWAYS_SEARCH_USER_PATHS = NO;
				CLANG_CXX_LANGUAGE_STANDARD = "gnu++0x";
				CLANG_CXX_LIBRARY = "libc++";
				CLANG_ENABLE_MODULES = YES;
				CLANG_ENABLE_OBJC_ARC = YES;
				CLANG_WARN_BOOL_CONVERSION = YES;
				CLANG_WARN_CONSTANT_CONVERSION = YES;
				CLANG_WARN_DIRECT_OBJC_ISA_USAGE = YES_ERROR;
				CLANG_WARN_EMPTY_BODY = YES;
				CLANG_WARN_ENUM_CONVERSION = YES;
				CLANG_WARN_INT_CONVERSION = YES;
				CLANG_WARN_OBJC_ROOT_CLASS = YES_ERROR;
				CLANG_WARN_UNREACHABLE_CODE = YES;
				CLANG_WARN__DUPLICATE_METHOD_MATCH = YES;
				"CODE_SIGN_IDENTITY[sdk=iphoneos*]" = "iPhone Developer";
				COPY_PHASE_STRIP = YES;
				ENABLE_NS_ASSERTIONS = NO;
				ENABLE_STRICT_OBJC_MSGSEND = YES;
				GCC_C_LANGUAGE_STANDARD = gnu99;
				GCC_WARN_64_TO_32_BIT_CONVERSION = YES;
				GCC_WARN_ABOUT_RETURN_TYPE = YES_ERROR;
				GCC_WARN_UNDECLARED_SELECTOR = YES;
				GCC_WARN_UNINITIALIZED_AUTOS = YES_AGGRESSIVE;
				GCC_WARN_UNUSED_FUNCTION = YES;
				GCC_WARN_UNUSED_VARIABLE = YES;
				IPHONEOS_DEPLOYMENT_TARGET = 8.1;
				MTL_ENABLE_DEBUG_INFO = NO;
				SDKROOT = iphoneos;
				TARGETED_DEVICE_FAMILY = "1,2";
				VALIDATE_PRODUCT = YES;
			};
			name = Release;
		};
		969662561A68BB8D00C6F3E0 /* Debug */ = {
			isa = XCBuildConfiguration;
			buildSettings = {
				ASSETCATALOG_COMPILER_APPICON_NAME = AppIcon;
				INFOPLIST_FILE = "$(SRCROOT)/BlocBrowser/BlocBrowser-Info.plist";
				LD_RUNPATH_SEARCH_PATHS = "$(inherited) @executable_path/Frameworks";
				PRODUCT_NAME = "$(TARGET_NAME)";
			};
			name = Debug;
		};
		969662571A68BB8D00C6F3E0 /* Release */ = {
			isa = XCBuildConfiguration;
			buildSettings = {
				ASSETCATALOG_COMPILER_APPICON_NAME = AppIcon;
				INFOPLIST_FILE = "$(SRCROOT)/BlocBrowser/BlocBrowser-Info.plist";
				LD_RUNPATH_SEARCH_PATHS = "$(inherited) @executable_path/Frameworks";
				PRODUCT_NAME = "$(TARGET_NAME)";
			};
			name = Release;
		};
		969662591A68BB8D00C6F3E0 /* Debug */ = {
			isa = XCBuildConfiguration;
			buildSettings = {
				BUNDLE_LOADER = "$(TEST_HOST)";
				FRAMEWORK_SEARCH_PATHS = (
					"$(SDKROOT)/Developer/Library/Frameworks",
					"$(inherited)",
				);
				GCC_PREPROCESSOR_DEFINITIONS = (
					"DEBUG=1",
					"$(inherited)",
				);
				INFOPLIST_FILE = BlocBrowserTests/Info.plist;
				LD_RUNPATH_SEARCH_PATHS = "$(inherited) @executable_path/Frameworks @loader_path/Frameworks";
				PRODUCT_NAME = "$(TARGET_NAME)";
				TEST_HOST = "$(BUILT_PRODUCTS_DIR)/BlocBrowser.app/BlocBrowser";
			};
			name = Debug;
		};
		9696625A1A68BB8D00C6F3E0 /* Release */ = {
			isa = XCBuildConfiguration;
			buildSettings = {
				BUNDLE_LOADER = "$(TEST_HOST)";
				FRAMEWORK_SEARCH_PATHS = (
					"$(SDKROOT)/Developer/Library/Frameworks",
					"$(inherited)",
				);
				INFOPLIST_FILE = BlocBrowserTests/Info.plist;
				LD_RUNPATH_SEARCH_PATHS = "$(inherited) @executable_path/Frameworks @loader_path/Frameworks";
				PRODUCT_NAME = "$(TARGET_NAME)";
				TEST_HOST = "$(BUILT_PRODUCTS_DIR)/BlocBrowser.app/BlocBrowser";
			};
			name = Release;
		};
/* End XCBuildConfiguration section */

/* Begin XCConfigurationList section */
		9696622D1A68BB8D00C6F3E0 /* Build configuration list for PBXProject "BlocBrowser" */ = {
			isa = XCConfigurationList;
			buildConfigurations = (
				969662531A68BB8D00C6F3E0 /* Debug */,
				969662541A68BB8D00C6F3E0 /* Release */,
			);
			defaultConfigurationIsVisible = 0;
			defaultConfigurationName = Release;
		};
		969662551A68BB8D00C6F3E0 /* Build configuration list for PBXNativeTarget "BlocBrowser" */ = {
			isa = XCConfigurationList;
			buildConfigurations = (
				969662561A68BB8D00C6F3E0 /* Debug */,
				969662571A68BB8D00C6F3E0 /* Release */,
			);
			defaultConfigurationIsVisible = 0;
			defaultConfigurationName = Release;
		};
		969662581A68BB8D00C6F3E0 /* Build configuration list for PBXNativeTarget "BlocBrowserTests" */ = {
			isa = XCConfigurationList;
			buildConfigurations = (
				969662591A68BB8D00C6F3E0 /* Debug */,
				9696625A1A68BB8D00C6F3E0 /* Release */,
			);
			defaultConfigurationIsVisible = 0;
			defaultConfigurationName = Release;
		};
/* End XCConfigurationList section */
	};
	rootObject = 9696622A1A68BB8D00C6F3E0 /* Project object */;
}
